{
  "name": "cowork-protocol",
  "version": "0.0.0",
  "lockfileVersion": 3,
  "requires": true,
  "packages": {
    "": {
      "name": "cowork-protocol",
      "version": "0.0.0",
      "workspaces": [
        "packages/*",
        "apps/*"
      ],
      "engines": {
        "node": ">=22"
      }
    },
    "apps/formbuilder-showcase": {
      "name": "@cowork-protocol/formbuilder-showcase",
      "version": "0.1.0"
    },
    "node_modules/@cowork-protocol/bridge": {
      "resolved": "packages/bridge",
      "link": true
    },
    "node_modules/@cowork-protocol/core": {
      "resolved": "packages/core",
      "link": true
    },
    "node_modules/@cowork-protocol/evals": {
      "resolved": "packages/evals",
      "link": true
    },
    "node_modules/@cowork-protocol/formbuilder-connector": {
      "resolved": "packages/formbuilder-connector",
      "link": true
    },
    "node_modules/@cowork-protocol/formbuilder-showcase": {
      "resolved": "apps/formbuilder-showcase",
      "link": true
    },
    "node_modules/@cowork-protocol/native-webmcp": {
      "resolved": "packages/native-webmcp",
      "link": true
    },
    "packages/bridge": {
      "name": "@cowork-protocol/bridge",
      "version": "0.1.0",
      "dependencies": {
        "@cowork-protocol/core": "0.1.0"
      }
    },
    "packages/core": {
      "name": "@cowork-protocol/core",
      "version": "0.1.0"
    },
    "packages/evals": {
      "name": "@cowork-protocol/evals",
      "version": "0.1.0",
      "dependencies": {
        "@cowork-protocol/bridge": "0.1.0",
        "@cowork-protocol/core": "0.1.0"
      }
    },
    "packages/formbuilder-connector": {
      "name": "@cowork-protocol/formbuilder-connector",
      "version": "0.1.0",
      "dependencies": {
        "@cowork-protocol/core": "0.1.0"
      }
    },
    "packages/native-webmcp": {
      "name": "@cowork-protocol/native-webmcp",
      "version": "0.1.0",
      "dependencies": {
        "@cowork-protocol/core": "0.1.0"
      }
    }
  }
}
