{
  "name": "cowork-protocol",
  "version": "0.0.0",
  "lockfileVersion": 3,
  "requires": true,
  "packages": {
    "": {
      "name": "cowork-protocol",
      "version": "0.0.0",
      "workspaces": [
        "packages/*",
        "apps/*"
      ],
      "engines": {
        "node": ">=22"
      }
    },
    "apps/browser-companion": {
      "name": "@cowork-protocol/browser-companion",
      "version": "0.1.0"
    },
    "apps/desktop-companion": {
      "name": "@cowork-protocol/desktop-companion",
      "version": "0.1.0"
    },
    "apps/formbuilder-showcase": {
      "name": "@cowork-protocol/formbuilder-showcase",
      "version": "0.1.0"
    },
    "node_modules/@cowork-protocol/bridge": {
      "resolved": "packages/bridge",
      "link": true
    },
    "node_modules/@cowork-protocol/browser-companion": {
      "resolved": "apps/browser-companion",
      "link": true
    },
    "node_modules/@cowork-protocol/companion-link": {
      "resolved": "packages/companion-link",
      "link": true
    },
    "node_modules/@cowork-protocol/context-manager": {
      "resolved": "packages/context-manager",
      "link": true
    },
    "node_modules/@cowork-protocol/conversation": {
      "resolved": "packages/conversation",
      "link": true
    },
    "node_modules/@cowork-protocol/core": {
      "resolved": "packages/core",
      "link": true
    },
    "node_modules/@cowork-protocol/desktop-companion": {
      "resolved": "apps/desktop-companion",
      "link": true
    },
    "node_modules/@cowork-protocol/evals": {
      "resolved": "packages/evals",
      "link": true
    },
    "node_modules/@cowork-protocol/formbuilder-connector": {
      "resolved": "packages/formbuilder-connector",
      "link": true
    },
    "node_modules/@cowork-protocol/formbuilder-showcase": {
      "resolved": "apps/formbuilder-showcase",
      "link": true
    },
    "node_modules/@cowork-protocol/integration-contract": {
      "resolved": "packages/integration-contract",
      "link": true
    },
    "node_modules/@cowork-protocol/model-gateway": {
      "resolved": "packages/model-gateway",
      "link": true
    },
    "node_modules/@cowork-protocol/model-transport": {
      "resolved": "packages/model-transport",
      "link": true
    },
    "node_modules/@cowork-protocol/native-webmcp": {
      "resolved": "packages/native-webmcp",
      "link": true
    },
    "node_modules/@cowork-protocol/open-compute-adapter": {
      "resolved": "packages/open-compute-adapter",
      "link": true
    },
    "node_modules/@cowork-protocol/reference-ui": {
      "resolved": "packages/reference-ui",
      "link": true
    },
    "node_modules/@cowork-protocol/session-authority": {
      "resolved": "packages/session-authority",
      "link": true
    },
    "packages/bridge": {
      "name": "@cowork-protocol/bridge",
      "version": "0.1.0",
      "dependencies": {
        "@cowork-protocol/core": "0.1.0"
      }
    },
    "packages/companion-link": {
      "name": "@cowork-protocol/companion-link",
      "version": "0.1.0"
    },
    "packages/context-manager": {
      "name": "@cowork-protocol/context-manager",
      "version": "0.0.0"
    },
    "packages/conversation": {
      "name": "@cowork-protocol/conversation",
      "version": "0.1.0"
    },
    "packages/core": {
      "name": "@cowork-protocol/core",
      "version": "0.1.0"
    },
    "packages/evals": {
      "name": "@cowork-protocol/evals",
      "version": "0.1.0",
      "dependencies": {
        "@cowork-protocol/bridge": "0.1.0",
        "@cowork-protocol/core": "0.1.0"
      }
    },
    "packages/formbuilder-connector": {
      "name": "@cowork-protocol/formbuilder-connector",
      "version": "0.1.0",
      "dependencies": {
        "@cowork-protocol/core": "0.1.0"
      }
    },
    "packages/integration-contract": {
      "name": "@cowork-protocol/integration-contract",
      "version": "0.1.0"
    },
    "packages/model-gateway": {
      "name": "@cowork-protocol/model-gateway",
      "version": "0.0.0"
    },
    "packages/model-transport": {
      "name": "@cowork-protocol/model-transport",
      "version": "0.0.0"
    },
    "packages/native-webmcp": {
      "name": "@cowork-protocol/native-webmcp",
      "version": "0.1.0",
      "dependencies": {
        "@cowork-protocol/core": "0.1.0"
      }
    },
    "packages/open-compute-adapter": {
      "name": "@cowork-protocol/open-compute-adapter",
      "version": "0.0.0"
    },
    "packages/reference-ui": {
      "name": "@cowork-protocol/reference-ui",
      "version": "0.1.0"
    },
    "packages/session-authority": {
      "name": "@cowork-protocol/session-authority",
      "version": "0.1.0"
    }
  }
}
